# This file is automatically @generated by Cargo.
# It is not intended for manual editing.
version = 4

[[package]]
name = "berrywiki-cli"
version = "0.0.1"
dependencies = [
 "berrywiki-core",
 "berrywiki-store",
]

[[package]]
name = "berrywiki-core"
version = "0.0.1"

[[package]]
name = "berrywiki-git-compat"
version = "0.0.1"

[[package]]
name = "berrywiki-store"
version = "0.0.1"
dependencies = [
 "berrywiki-core",
]
